dependencies:
- name: prometheus
  repository: https://prometheus-community.github.io/helm-charts
  version: 13.8.0
- name: grafana
  repository: https://grafana.github.io/helm-charts
  version: 6.16.4
digest: sha256:5ae08b2b191a855253da9d161d2363af9207ee63980bda8cbad976a33e8e96c3
generated: "2021-09-08T12:12:30.076470257+02:00"
